
Microsoft Visual Studio Solution File, Format Version 12.00
# Visual Studio Version 17
VisualStudioVersion = 17.10.34916.146
MinimumVisualStudioVersion = 10.0.40219.1
Project("{9A19103F-16F7-4668-BE54-9A1E7A4F7556}") = "YuriiPasternak.SimpleRealEstate.WebAPI", "YuriiPasternak.SimpleRealEstate.WebAPI\YuriiPasternak.SimpleRealEstate.WebAPI.csproj", "{74F689D7-AA00-4E30-AA9C-AB81E8ACC99A}"
EndProject
Project("{9A19103F-16F7-4668-BE54-9A1E7A4F7556}") = "YuriiPasternak.SimpleRealEstate.Application", "YuriiPasternak.SimpleRealEstate.Application\YuriiPasternak.SimpleRealEstate.Application.csproj", "{58C8C287-6BD4-4234-AD48-23D821AF333A}"
EndProject
Project("{9A19103F-16F7-4668-BE54-9A1E7A4F7556}") = "YuriiPasternak.SimpleRealEstate.Domain", "YuriiPasternak.SimpleRealEstate.Domain\YuriiPasternak.SimpleRealEstate.Domain.csproj", "{3B4F43C9-0E96-410A-B451-ACC9B164EC8B}"
EndProject
Project("{9A19103F-16F7-4668-BE54-9A1E7A4F7556}") = "YuriiPasternak.SimpleRealEstate.Infrastructure", "YuriiPasternak.SimpleRealEstate.Infrastructure\YuriiPasternak.SimpleRealEstate.Infrastructure.csproj", "{EF4D3EF9-4B55-4946-B77E-542E395552F4}"
EndProject
Project("{9A19103F-16F7-4668-BE54-9A1E7A4F7556}") = "YuriiPasternak.SimpleRealEstate.Application.UnitTests", "YuriiPasternak.SimpleRealEstate.Application.UnitTests\YuriiPasternak.SimpleRealEstate.Application.UnitTests.csproj", "{B05E1FF2-D7EE-456F-A227-C8A361DB0C34}"
EndProject
Global
	GlobalSection(SolutionConfigurationPlatforms) = preSolution
		Debug|Any CPU = Debug|Any CPU
		Release|Any CPU = Release|Any CPU
	EndGlobalSection
	GlobalSection(ProjectConfigurationPlatforms) = postSolution
		{74F689D7-AA00-4E30-AA9C-AB81E8ACC99A}.Debug|Any CPU.ActiveCfg = Debug|Any CPU
		{74F689D7-AA00-4E30-AA9C-AB81E8ACC99A}.Debug|Any CPU.Build.0 = Debug|Any CPU
		{74F689D7-AA00-4E30-AA9C-AB81E8ACC99A}.Release|Any CPU.ActiveCfg = Release|Any CPU
		{74F689D7-AA00-4E30-AA9C-AB81E8ACC99A}.Release|Any CPU.Build.0 = Release|Any CPU
		{58C8C287-6BD4-4234-AD48-23D821AF333A}.Debug|Any CPU.ActiveCfg = Debug|Any CPU
		{58C8C287-6BD4-4234-AD48-23D821AF333A}.Debug|Any CPU.Build.0 = Debug|Any CPU
		{58C8C287-6BD4-4234-AD48-23D821AF333A}.Release|Any CPU.ActiveCfg = Release|Any CPU
		{58C8C287-6BD4-4234-AD48-23D821AF333A}.Release|Any CPU.Build.0 = Release|Any CPU
		{3B4F43C9-0E96-410A-B451-ACC9B164EC8B}.Debug|Any CPU.ActiveCfg = Debug|Any CPU
		{3B4F43C9-0E96-410A-B451-ACC9B164EC8B}.Debug|Any CPU.Build.0 = Debug|Any CPU
		{3B4F43C9-0E96-410A-B451-ACC9B164EC8B}.Release|Any CPU.ActiveCfg = Release|Any CPU
		{3B4F43C9-0E96-410A-B451-ACC9B164EC8B}.Release|Any CPU.Build.0 = Release|Any CPU
		{EF4D3EF9-4B55-4946-B77E-542E395552F4}.Debug|Any CPU.ActiveCfg = Debug|Any CPU
		{EF4D3EF9-4B55-4946-B77E-542E395552F4}.Debug|Any CPU.Build.0 = Debug|Any CPU
		{EF4D3EF9-4B55-4946-B77E-542E395552F4}.Release|Any CPU.ActiveCfg = Release|Any CPU
		{EF4D3EF9-4B55-4946-B77E-542E395552F4}.Release|Any CPU.Build.0 = Release|Any CPU
		{B05E1FF2-D7EE-456F-A227-C8A361DB0C34}.Debug|Any CPU.ActiveCfg = Debug|Any CPU
		{B05E1FF2-D7EE-456F-A227-C8A361DB0C34}.Debug|Any CPU.Build.0 = Debug|Any CPU
		{B05E1FF2-D7EE-456F-A227-C8A361DB0C34}.Release|Any CPU.ActiveCfg = Release|Any CPU
		{B05E1FF2-D7EE-456F-A227-C8A361DB0C34}.Release|Any CPU.Build.0 = Release|Any CPU
	EndGlobalSection
	GlobalSection(SolutionProperties) = preSolution
		HideSolutionNode = FALSE
	EndGlobalSection
	GlobalSection(ExtensibilityGlobals) = postSolution
		SolutionGuid = {EA6D9F6F-B7D1-4F83-8B27-E65C4F40DF0D}
	EndGlobalSection
EndGlobal
